// !$*UTF8*$!
{
	archiveVersion = 1;
	classes = {
	};
	objectVersion = 56;
	objects = {

/* Begin PBXBuildFile section */
		E82348A12BCF98CC00B622C4 /* DaybinApp.swift in Sources */ = {isa = PBXBuildFile; fileRef = E82348A02BCF98CC00B622C4 /* DaybinApp.swift */; };
		E82348A32BCF98CC00B622C4 /* ContentView.swift in Sources */ = {isa = PBXBuildFile; fileRef = E82348A22BCF98CC00B622C4 /* ContentView.swift */; };
		E82348A52BCF98CF00B622C4 /* Assets.xcassets in Resources */ = {isa = PBXBuildFile; fileRef = E82348A42BCF98CF00B622C4 /* Assets.xcassets */; };
		E82348A82BCF98CF00B622C4 /* Preview Assets.xcassets in Resources */ = {isa = PBXBuildFile; fileRef = E82348A72BCF98CF00B622C4 /* Preview Assets.xcassets */; };
		E82348AA2BCF98CF00B622C4 /* Persistence.swift in Sources */ = {isa = PBXBuildFile; fileRef = E82348A92BCF98CF00B622C4 /* Persistence.swift */; };
		E82348AD2BCF98CF00B622C4 /* Daybin.xcdatamodeld in Sources */ = {isa = PBXBuildFile; fileRef = E82348AB2BCF98CF00B622C4 /* Daybin.xcdatamodeld */; };
		E82348B72BCF9C8900B622C4 /* CalendarView.swift in Sources */ = {isa = PBXBuildFile; fileRef = E82348B62BCF9C8900B622C4 /* CalendarView.swift */; };
		E82348B92BCF9FAC00B622C4 /* ProfileView.swift in Sources */ = {isa = PBXBuildFile; fileRef = E82348B82BCF9FAC00B622C4 /* ProfileView.swift */; };
		E82348C02BCFC01900B622C4 /* CellView.swift in Sources */ = {isa = PBXBuildFile; fileRef = E82348BF2BCFC01900B622C4 /* CellView.swift */; };
		E82348C42BCFC35900B622C4 /* CalendarGridView.swift in Sources */ = {isa = PBXBuildFile; fileRef = E82348C32BCFC35900B622C4 /* CalendarGridView.swift */; };
		E82348C82BCFD83F00B622C4 /* TodoView.swift in Sources */ = {isa = PBXBuildFile; fileRef = E82348C72BCFD83F00B622C4 /* TodoView.swift */; };
/* End PBXBuildFile section */

/* Begin PBXFileReference section */
		E823489D2BCF98CC00B622C4 /* Daybin.app */ = {isa = PBXFileReference; explicitFileType = wrapper.application; includeInIndex = 0; path = Daybin.app; sourceTree = BUILT_PRODUCTS_DIR; };
		E82348A02BCF98CC00B622C4 /* DaybinApp.swift */ = {isa = PBXFileReference; lastKnownFileType = sourcecode.swift; path = DaybinApp.swift; sourceTree = "<group>"; };
		E82348A22BCF98CC00B622C4 /* ContentView.swift */ = {isa = PBXFileReference; lastKnownFileType = sourcecode.swift; path = ContentView.swift; sourceTree = "<group>"; };
		E82348A42BCF98CF00B622C4 /* Assets.xcassets */ = {isa = PBXFileReference; lastKnownFileType = folder.assetcatalog; path = Assets.xcassets; sourceTree = "<group>"; };
		E82348A72BCF98CF00B622C4 /* Preview Assets.xcassets */ = {isa = PBXFileReference; lastKnownFileType = folder.assetcatalog; path = "Preview Assets.xcassets"; sourceTree = "<group>"; };
		E82348A92BCF98CF00B622C4 /* Persistence.swift */ = {isa = PBXFileReference; lastKnownFileType = sourcecode.swift; path = Persistence.swift; sourceTree = "<group>"; };
		E82348AC2BCF98CF00B622C4 /* Daybin.xcdatamodel */ = {isa = PBXFileReference; lastKnownFileType = wrapper.xcdatamodel; path = Daybin.xcdatamodel; sourceTree = "<group>"; };
		E82348B62BCF9C8900B622C4 /* CalendarView.swift */ = {isa = PBXFileReference; lastKnownFileType = sourcecode.swift; path = CalendarView.swift; sourceTree = "<group>"; };
		E82348B82BCF9FAC00B622C4 /* ProfileView.swift */ = {isa = PBXFileReference; lastKnownFileType = sourcecode.swift; path = ProfileView.swift; sourceTree = "<group>"; };
		E82348BF2BCFC01900B622C4 /* CellView.swift */ = {isa = PBXFileReference; lastKnownFileType = sourcecode.swift; path = CellView.swift; sourceTree = "<group>"; };
		E82348C32BCFC35900B622C4 /* CalendarGridView.swift */ = {isa = PBXFileReference; lastKnownFileType = sourcecode.swift; path = CalendarGridView.swift; sourceTree = "<group>"; };
		E82348C72BCFD83F00B622C4 /* TodoView.swift */ = {isa = PBXFileReference; lastKnownFileType = sourcecode.swift; path = TodoView.swift; sourceTree = "<group>"; };
/* End PBXFileReference section */

/* Begin PBXFrameworksBuildPhase section */
		E823489A2BCF98CC00B622C4 /* Frameworks */ = {
			isa = PBXFrameworksBuildPhase;
			buildActionMask = 2147483647;
			files = (
			);
			runOnlyForDeploymentPostprocessing = 0;
		};
/* End PBXFrameworksBuildPhase section */

/* Begin PBXGroup section */
		E82348942BCF98CB00B622C4 = {
			isa = PBXGroup;
			children = (
				E823489F2BCF98CC00B622C4 /* Daybin */,
				E823489E2BCF98CC00B622C4 /* Products */,
			);
			sourceTree = "<group>";
		};
		E823489E2BCF98CC00B622C4 /* Products */ = {
			isa = PBXGroup;
			children = (
				E823489D2BCF98CC00B622C4 /* Daybin.app */,
			);
			name = Products;
			sourceTree = "<group>";
		};
		E823489F2BCF98CC00B622C4 /* Daybin */ = {
			isa = PBXGroup;
			children = (
				E82348A02BCF98CC00B622C4 /* DaybinApp.swift */,
				E82348A22BCF98CC00B622C4 /* ContentView.swift */,
				E82348A92BCF98CF00B622C4 /* Persistence.swift */,
				E82348B62BCF9C8900B622C4 /* CalendarView.swift */,
				E82348B82BCF9FAC00B622C4 /* ProfileView.swift */,
				E82348A42BCF98CF00B622C4 /* Assets.xcassets */,
				E82348AB2BCF98CF00B622C4 /* Daybin.xcdatamodeld */,
				E82348A62BCF98CF00B622C4 /* Preview Content */,
				E82348BF2BCFC01900B622C4 /* CellView.swift */,
				E82348C32BCFC35900B622C4 /* CalendarGridView.swift */,
				E82348C72BCFD83F00B622C4 /* TodoView.swift */,
			);
			path = Daybin;
			sourceTree = "<group>";
		};
		E82348A62BCF98CF00B622C4 /* Preview Content */ = {
			isa = PBXGroup;
			children = (
				E82348A72BCF98CF00B622C4 /* Preview Assets.xcassets */,
			);
			path = "Preview Content";
			sourceTree = "<group>";
		};
/* End PBXGroup section */

/* Begin PBXNativeTarget section */
		E823489C2BCF98CC00B622C4 /* Daybin */ = {
			isa = PBXNativeTarget;
			buildConfigurationList = E82348B02BCF98CF00B622C4 /* Build configuration list for PBXNativeTarget "Daybin" */;
			buildPhases = (
				E82348992BCF98CC00B622C4 /* Sources */,
				E823489A2BCF98CC00B622C4 /* Frameworks */,
				E823489B2BCF98CC00B622C4 /* Resources */,
			);
			buildRules = (
			);
			dependencies = (
			);
			name = Daybin;
			productName = Daybin;
			productReference = E823489D2BCF98CC00B622C4 /* Daybin.app */;
			productType = "com.apple.product-type.application";
		};
/* End PBXNativeTarget section */

/* Begin PBXProject section */
		E82348952BCF98CB00B622C4 /* Project object */ = {
			isa = PBXProject;
			attributes = {
				BuildIndependentTargetsInParallel = 1;
				LastSwiftUpdateCheck = 1530;
				LastUpgradeCheck = 1530;
				TargetAttributes = {
					E823489C2BCF98CC00B622C4 = {
						CreatedOnToolsVersion = 15.3;
					};
				};
			};
			buildConfigurationList = E82348982BCF98CB00B622C4 /* Build configuration list for PBXProject "Daybin" */;
			compatibilityVersion = "Xcode 14.0";
			developmentRegion = en;
			hasScannedForEncodings = 0;
			knownRegions = (
				en,
				Base,
			);
			mainGroup = E82348942BCF98CB00B622C4;
			productRefGroup = E823489E2BCF98CC00B622C4 /* Products */;
			projectDirPath = "";
			projectRoot = "";
			targets = (
				E823489C2BCF98CC00B622C4 /* Daybin */,
			);
		};
/* End PBXProject section */

/* Begin PBXResourcesBuildPhase section */
		E823489B2BCF98CC00B622C4 /* Resources */ = {
			isa = PBXResourcesBuildPhase;
			buildActionMask = 2147483647;
			files = (
				E82348A82BCF98CF00B622C4 /* Preview Assets.xcassets in Resources */,
				E82348A52BCF98CF00B622C4 /* Assets.xcassets in Resources */,
			);
			runOnlyForDeploymentPostprocessing = 0;
		};
/* End PBXResourcesBuildPhase section */

/* Begin PBXSourcesBuildPhase section */
		E82348992BCF98CC00B622C4 /* Sources */ = {
			isa = PBXSourcesBuildPhase;
			buildActionMask = 2147483647;
			files = (
				E82348B72BCF9C8900B622C4 /* CalendarView.swift in Sources */,
				E82348AA2BCF98CF00B622C4 /* Persistence.swift in Sources */,
				E82348A32BCF98CC00B622C4 /* ContentView.swift in Sources */,
				E82348AD2BCF98CF00B622C4 /* Daybin.xcdatamodeld in Sources */,
				E82348C42BCFC35900B622C4 /* CalendarGridView.swift in Sources */,
				E82348B92BCF9FAC00B622C4 /* ProfileView.swift in Sources */,
				E82348C82BCFD83F00B622C4 /* TodoView.swift in Sources */,
				E82348A12BCF98CC00B622C4 /* DaybinApp.swift in Sources */,
				E82348C02BCFC01900B622C4 /* CellView.swift in Sources */,
			);
			runOnlyForDeploymentPostprocessing = 0;
		};
/* End PBXSourcesBuildPhase section */

/* Begin XCBuildConfiguration section */
		E82348AE2BCF98CF00B622C4 /* Debug */ = {
			isa = XCBuildConfiguration;
			buildSettings = {
				ALWAYS_SEARCH_USER_PATHS = NO;
				ASSETCATALOG_COMPILER_GENERATE_SWIFT_ASSET_SYMBOL_EXTENSIONS = YES;
				CLANG_ANALYZER_NONNULL = YES;
				CLANG_ANALYZER_NUMBER_OBJECT_CONVERSION = YES_AGGRESSIVE;
				CLANG_CXX_LANGUAGE_STANDARD = "gnu++20";
				CLANG_ENABLE_MODULES = YES;
				CLANG_ENABLE_OBJC_ARC = YES;
				CLANG_ENABLE_OBJC_WEAK = YES;
				CLANG_WARN_BLOCK_CAPTURE_AUTORELEASING = YES;
				CLANG_WARN_BOOL_CONVERSION = YES;
				CLANG_WARN_COMMA = YES;
				CLANG_WARN_CONSTANT_CONVERSION = YES;
				CLANG_WARN_DEPRECATED_OBJC_IMPLEMENTATIONS = YES;
				CLANG_WARN_DIRECT_OBJC_ISA_USAGE = YES_ERROR;
				CLANG_WARN_DOCUMENTATION_COMMENTS = YES;
				CLANG_WARN_EMPTY_BODY = YES;
				CLANG_WARN_ENUM_CONVERSION = YES;
				CLANG_WARN_INFINITE_RECURSION = YES;
				CLANG_WARN_INT_CONVERSION = YES;
				CLANG_WARN_NON_LITERAL_NULL_CONVERSION = YES;
				CLANG_WARN_OBJC_IMPLICIT_RETAIN_SELF = YES;
				CLANG_WARN_OBJC_LITERAL_CONVERSION = YES;
				CLANG_WARN_OBJC_ROOT_CLASS = YES_ERROR;
				CLANG_WARN_QUOTED_INCLUDE_IN_FRAMEWORK_HEADER = YES;
				CLANG_WARN_RANGE_LOOP_ANALYSIS = YES;
				CLANG_WARN_STRICT_PROTOTYPES = YES;
				CLANG_WARN_SUSPICIOUS_MOVE = YES;
				CLANG_WARN_UNGUARDED_AVAILABILITY = YES_AGGRESSIVE;
				CLANG_WARN_UNREACHABLE_CODE = YES;
				CLANG_WARN__DUPLICATE_METHOD_MATCH = YES;
				COPY_PHASE_STRIP = NO;
				DEBUG_INFORMATION_FORMAT = dwarf;
				ENABLE_STRICT_OBJC_MSGSEND = YES;
				ENABLE_TESTABILITY = YES;
				ENABLE_USER_SCRIPT_SANDBOXING = YES;
				GCC_C_LANGUAGE_STANDARD = gnu17;
				GCC_DYNAMIC_NO_PIC = NO;
				GCC_NO_COMMON_BLOCKS = YES;
				GCC_OPTIMIZATION_LEVEL = 0;
				GCC_PREPROCESSOR_DEFINITIONS = (
					"DEBUG=1",
					"$(inherited)",
				);
				GCC_WARN_64_TO_32_BIT_CONVERSION = YES;
				GCC_WARN_ABOUT_RETURN_TYPE = YES_ERROR;
				GCC_WARN_UNDECLARED_SELECTOR = YES;
				GCC_WARN_UNINITIALIZED_AUTOS = YES_AGGRESSIVE;
				GCC_WARN_UNUSED_FUNCTION = YES;
				GCC_WARN_UNUSED_VARIABLE = YES;
				IPHONEOS_DEPLOYMENT_TARGET = 17.4;
				LOCALIZATION_PREFERS_STRING_CATALOGS = YES;
				MTL_ENABLE_DEBUG_INFO = INCLUDE_SOURCE;
				MTL_FAST_MATH = YES;
				ONLY_ACTIVE_ARCH = YES;
				SDKROOT = iphoneos;
				SWIFT_ACTIVE_COMPILATION_CONDITIONS = "DEBUG $(inherited)";
				SWIFT_OPTIMIZATION_LEVEL = "-Onone";
			};
			name = Debug;
		};
		E82348AF2BCF98CF00B622C4 /* Release */ = {
			isa = XCBuildConfiguration;
			buildSettings = {
				ALWAYS_SEARCH_USER_PATHS = NO;
				ASSETCATALOG_COMPILER_GENERATE_SWIFT_ASSET_SYMBOL_EXTENSIONS = YES;
				CLANG_ANALYZER_NONNULL = YES;
				CLANG_ANALYZER_NUMBER_OBJECT_CONVERSION = YES_AGGRESSIVE;
				CLANG_CXX_LANGUAGE_STANDARD = "gnu++20";
				CLANG_ENABLE_MODULES = YES;
				CLANG_ENABLE_OBJC_ARC = YES;
				CLANG_ENABLE_OBJC_WEAK = YES;
				CLANG_WARN_BLOCK_CAPTURE_AUTORELEASING = YES;
				CLANG_WARN_BOOL_CONVERSION = YES;
				CLANG_WARN_COMMA = YES;
				CLANG_WARN_CONSTANT_CONVERSION = YES;
				CLANG_WARN_DEPRECATED_OBJC_IMPLEMENTATIONS = YES;
				CLANG_WARN_DIRECT_OBJC_ISA_USAGE = YES_ERROR;
				CLANG_WARN_DOCUMENTATION_COMMENTS = YES;
				CLANG_WARN_EMPTY_BODY = YES;
				CLANG_WARN_ENUM_CONVERSION = YES;
				CLANG_WARN_INFINITE_RECURSION = YES;
				CLANG_WARN_INT_CONVERSION = YES;
				CLANG_WARN_NON_LITERAL_NULL_CONVERSION = YES;
				CLANG_WARN_OBJC_IMPLICIT_RETAIN_SELF = YES;
				CLANG_WARN_OBJC_LITERAL_CONVERSION = YES;
				CLANG_WARN_OBJC_ROOT_CLASS = YES_ERROR;
				CLANG_WARN_QUOTED_INCLUDE_IN_FRAMEWORK_HEADER = YES;
				CLANG_WARN_RANGE_LOOP_ANALYSIS = YES;
				CLANG_WARN_STRICT_PROTOTYPES = YES;
				CLANG_WARN_SUSPICIOUS_MOVE = YES;
				CLANG_WARN_UNGUARDED_AVAILABILITY = YES_AGGRESSIVE;
				CLANG_WARN_UNREACHABLE_CODE = YES;
				CLANG_WARN__DUPLICATE_METHOD_MATCH = YES;
				COPY_PHASE_STRIP = NO;
				DEBUG_INFORMATION_FORMAT = "dwarf-with-dsym";
				ENABLE_NS_ASSERTIONS = NO;
				ENABLE_STRICT_OBJC_MSGSEND = YES;
				ENABLE_USER_SCRIPT_SANDBOXING = YES;
				GCC_C_LANGUAGE_STANDARD = gnu17;
				GCC_NO_COMMON_BLOCKS = YES;
				GCC_WARN_64_TO_32_BIT_CONVERSION = YES;
				GCC_WARN_ABOUT_RETURN_TYPE = YES_ERROR;
				GCC_WARN_UNDECLARED_SELECTOR = YES;
				GCC_WARN_UNINITIALIZED_AUTOS = YES_AGGRESSIVE;
				GCC_WARN_UNUSED_FUNCTION = YES;
				GCC_WARN_UNUSED_VARIABLE = YES;
				IPHONEOS_DEPLOYMENT_TARGET = 17.4;
				LOCALIZATION_PREFERS_STRING_CATALOGS = YES;
				MTL_ENABLE_DEBUG_INFO = NO;
				MTL_FAST_MATH = YES;
				SDKROOT = iphoneos;
				SWIFT_COMPILATION_MODE = wholemodule;
				VALIDATE_PRODUCT = YES;
			};
			name = Release;
		};
		E82348B12BCF98CF00B622C4 /* Debug */ = {
			isa = XCBuildConfiguration;
			buildSettings = {
				ASSETCATALOG_COMPILER_APPICON_NAME = AppIcon;
				ASSETCATALOG_COMPILER_GLOBAL_ACCENT_COLOR_NAME = AccentColor;
				CODE_SIGN_STYLE = Automatic;
				CURRENT_PROJECT_VERSION = 1;
				DEVELOPMENT_ASSET_PATHS = "\"Daybin/Preview Content\"";
				DEVELOPMENT_TEAM = 52YSN62MCL;
				ENABLE_PREVIEWS = YES;
				GENERATE_INFOPLIST_FILE = YES;
				INFOPLIST_KEY_UIApplicationSceneManifest_Generation = YES;
				INFOPLIST_KEY_UIApplicationSupportsIndirectInputEvents = YES;
				INFOPLIST_KEY_UILaunchScreen_Generation = YES;
				INFOPLIST_KEY_UISupportedInterfaceOrientations_iPad = "UIInterfaceOrientationPortrait UIInterfaceOrientationPortraitUpsideDown UIInterfaceOrientationLandscapeLeft UIInterfaceOrientationLandscapeRight";
				INFOPLIST_KEY_UISupportedInterfaceOrientations_iPhone = "UIInterfaceOrientationPortrait UIInterfaceOrientationLandscapeLeft UIInterfaceOrientationLandscapeRight";
				LD_RUNPATH_SEARCH_PATHS = (
					"$(inherited)",
					"@executable_path/Frameworks",
				);
				MARKETING_VERSION = 1.0;
				PRODUCT_BUNDLE_IDENTIFIER = com.GGDol.Daybin;
				PRODUCT_NAME = "$(TARGET_NAME)";
				SWIFT_EMIT_LOC_STRINGS = YES;
				SWIFT_VERSION = 5.0;
				TARGETED_DEVICE_FAMILY = "1,2";
			};
			name = Debug;
		};
		E82348B22BCF98CF00B622C4 /* Release */ = {
			isa = XCBuildConfiguration;
			buildSettings = {
				ASSETCATALOG_COMPILER_APPICON_NAME = AppIcon;
				ASSETCATALOG_COMPILER_GLOBAL_ACCENT_COLOR_NAME = AccentColor;
				CODE_SIGN_STYLE = Automatic;
				CURRENT_PROJECT_VERSION = 1;
				DEVELOPMENT_ASSET_PATHS = "\"Daybin/Preview Content\"";
				DEVELOPMENT_TEAM = 52YSN62MCL;
				ENABLE_PREVIEWS = YES;
				GENERATE_INFOPLIST_FILE = YES;
				INFOPLIST_KEY_UIApplicationSceneManifest_Generation = YES;
				INFOPLIST_KEY_UIApplicationSupportsIndirectInputEvents = YES;
				INFOPLIST_KEY_UILaunchScreen_Generation = YES;
				INFOPLIST_KEY_UISupportedInterfaceOrientations_iPad = "UIInterfaceOrientationPortrait UIInterfaceOrientationPortraitUpsideDown UIInterfaceOrientationLandscapeLeft UIInterfaceOrientationLandscapeRight";
				INFOPLIST_KEY_UISupportedInterfaceOrientations_iPhone = "UIInterfaceOrientationPortrait UIInterfaceOrientationLandscapeLeft UIInterfaceOrientationLandscapeRight";
				LD_RUNPATH_SEARCH_PATHS = (
					"$(inherited)",
					"@executable_path/Frameworks",
				);
				MARKETING_VERSION = 1.0;
				PRODUCT_BUNDLE_IDENTIFIER = com.GGDol.Daybin;
				PRODUCT_NAME = "$(TARGET_NAME)";
				SWIFT_EMIT_LOC_STRINGS = YES;
				SWIFT_VERSION = 5.0;
				TARGETED_DEVICE_FAMILY = "1,2";
			};
			name = Release;
		};
/* End XCBuildConfiguration section */

/* Begin XCConfigurationList section */
		E82348982BCF98CB00B622C4 /* Build configuration list for PBXProject "Daybin" */ = {
			isa = XCConfigurationList;
			buildConfigurations = (
				E82348AE2BCF98CF00B622C4 /* Debug */,
				E82348AF2BCF98CF00B622C4 /* Release */,
			);
			defaultConfigurationIsVisible = 0;
			defaultConfigurationName = Release;
		};
		E82348B02BCF98CF00B622C4 /* Build configuration list for PBXNativeTarget "Daybin" */ = {
			isa = XCConfigurationList;
			buildConfigurations = (
				E82348B12BCF98CF00B622C4 /* Debug */,
				E82348B22BCF98CF00B622C4 /* Release */,
			);
			defaultConfigurationIsVisible = 0;
			defaultConfigurationName = Release;
		};
/* End XCConfigurationList section */

/* Begin XCVersionGroup section */
		E82348AB2BCF98CF00B622C4 /* Daybin.xcdatamodeld */ = {
			isa = XCVersionGroup;
			children = (
				E82348AC2BCF98CF00B622C4 /* Daybin.xcdatamodel */,
			);
			currentVersion = E82348AC2BCF98CF00B622C4 /* Daybin.xcdatamodel */;
			path = Daybin.xcdatamodeld;
			sourceTree = "<group>";
			versionGroupType = wrapper.xcdatamodel;
		};
/* End XCVersionGroup section */
	};
	rootObject = E82348952BCF98CB00B622C4 /* Project object */;
}
